# THIS IS AN AUTOGENERATED FILE. DO NOT EDIT THIS FILE DIRECTLY.
# yarn lockfile v1


react-flip-move@^3.0.4:
  version "3.0.4"
  resolved "https://registry.yarnpkg.com/react-flip-move/-/react-flip-move-3.0.4.tgz#261f66101fbc305f9b7b28959c5cf8236413ca74"
  integrity sha512-HyUVv9g3t/BS7Yz9HgrtYSWyRNdR2F81nkj+C5iRY675AwlqCLB5JU9mnZWg0cdVz7IM4iquoyZx70vzZv3Z8Q==
